
Microsoft Visual Studio Solution File, Format Version 12.00
# Visual Studio 15
Project("{FAE04EC0-301F-11D3-BF4B-00C04F79EFBC}") = "Assembly-CSharp", "Assembly-CSharp.csproj", "{342EEA64-F6A9-3C86-7DC4-DCEF3B2F2F42}"
EndProject
Project("{FAE04EC0-301F-11D3-BF4B-00C04F79EFBC}") = "Assembly-CSharp-firstpass", "Assembly-CSharp-firstpass.csproj", "{81812384-35EC-459B-0144-62551698F48A}"
EndProject
Project("{FAE04EC0-301F-11D3-BF4B-00C04F79EFBC}") = "Assembly-CSharp-Editor", "Assembly-CSharp-Editor.csproj", "{15DA271A-F587-C049-2373-258FBFCC2BF3}"
EndProject
Global
	GlobalSection(SolutionConfigurationPlatforms) = preSolution
		Debug|Any CPU = Debug|Any CPU
		Release|Any CPU = Release|Any CPU
	EndGlobalSection
	GlobalSection(ProjectConfigurationPlatforms) = postSolution
		{342EEA64-F6A9-3C86-7DC4-DCEF3B2F2F42}.Debug|Any CPU.ActiveCfg = Debug|Any CPU
		{342EEA64-F6A9-3C86-7DC4-DCEF3B2F2F42}.Debug|Any CPU.Build.0 = Debug|Any CPU
		{342EEA64-F6A9-3C86-7DC4-DCEF3B2F2F42}.Release|Any CPU.ActiveCfg = Release|Any CPU
		{342EEA64-F6A9-3C86-7DC4-DCEF3B2F2F42}.Release|Any CPU.Build.0 = Release|Any CPU
		{81812384-35EC-459B-0144-62551698F48A}.Debug|Any CPU.ActiveCfg = Debug|Any CPU
		{81812384-35EC-459B-0144-62551698F48A}.Debug|Any CPU.Build.0 = Debug|Any CPU
		{81812384-35EC-459B-0144-62551698F48A}.Release|Any CPU.ActiveCfg = Release|Any CPU
		{81812384-35EC-459B-0144-62551698F48A}.Release|Any CPU.Build.0 = Release|Any CPU
		{15DA271A-F587-C049-2373-258FBFCC2BF3}.Debug|Any CPU.ActiveCfg = Debug|Any CPU
		{15DA271A-F587-C049-2373-258FBFCC2BF3}.Debug|Any CPU.Build.0 = Debug|Any CPU
		{15DA271A-F587-C049-2373-258FBFCC2BF3}.Release|Any CPU.ActiveCfg = Release|Any CPU
		{15DA271A-F587-C049-2373-258FBFCC2BF3}.Release|Any CPU.Build.0 = Release|Any CPU
	EndGlobalSection
	GlobalSection(SolutionProperties) = preSolution
		HideSolutionNode = FALSE
	EndGlobalSection
EndGlobal
