
Microsoft Visual Studio Solution File, Format Version 12.00
# Visual Studio 15
Project("{FAE04EC0-301F-11D3-BF4B-00C04F79EFBC}") = "Assembly-CSharp", "Assembly-CSharp.csproj", "{DDFF1A27-84ED-0809-A05A-20025D6EF978}"
EndProject
Project("{FAE04EC0-301F-11D3-BF4B-00C04F79EFBC}") = "Assembly-CSharp-firstpass", "Assembly-CSharp-firstpass.csproj", "{0447CC30-2CFE-401D-00A6-97C6C1FCD79C}"
EndProject
Project("{FAE04EC0-301F-11D3-BF4B-00C04F79EFBC}") = "Assembly-CSharp-Editor", "Assembly-CSharp-Editor.csproj", "{0DF159EE-DAD9-DEAE-4085-E537C8AC96F1}"
EndProject
Global
	GlobalSection(SolutionConfigurationPlatforms) = preSolution
		Debug|Any CPU = Debug|Any CPU
		Release|Any CPU = Release|Any CPU
	EndGlobalSection
	GlobalSection(ProjectConfigurationPlatforms) = postSolution
		{DDFF1A27-84ED-0809-A05A-20025D6EF978}.Debug|Any CPU.ActiveCfg = Debug|Any CPU
		{DDFF1A27-84ED-0809-A05A-20025D6EF978}.Debug|Any CPU.Build.0 = Debug|Any CPU
		{DDFF1A27-84ED-0809-A05A-20025D6EF978}.Release|Any CPU.ActiveCfg = Release|Any CPU
		{DDFF1A27-84ED-0809-A05A-20025D6EF978}.Release|Any CPU.Build.0 = Release|Any CPU
		{0447CC30-2CFE-401D-00A6-97C6C1FCD79C}.Debug|Any CPU.ActiveCfg = Debug|Any CPU
		{0447CC30-2CFE-401D-00A6-97C6C1FCD79C}.Debug|Any CPU.Build.0 = Debug|Any CPU
		{0447CC30-2CFE-401D-00A6-97C6C1FCD79C}.Release|Any CPU.ActiveCfg = Release|Any CPU
		{0447CC30-2CFE-401D-00A6-97C6C1FCD79C}.Release|Any CPU.Build.0 = Release|Any CPU
		{0DF159EE-DAD9-DEAE-4085-E537C8AC96F1}.Debug|Any CPU.ActiveCfg = Debug|Any CPU
		{0DF159EE-DAD9-DEAE-4085-E537C8AC96F1}.Debug|Any CPU.Build.0 = Debug|Any CPU
		{0DF159EE-DAD9-DEAE-4085-E537C8AC96F1}.Release|Any CPU.ActiveCfg = Release|Any CPU
		{0DF159EE-DAD9-DEAE-4085-E537C8AC96F1}.Release|Any CPU.Build.0 = Release|Any CPU
	EndGlobalSection
	GlobalSection(SolutionProperties) = preSolution
		HideSolutionNode = FALSE
	EndGlobalSection
EndGlobal
